
Microsoft Visual Studio Solution File, Format Version 12.00
# Visual Studio Version 16
VisualStudioVersion = 25.0.1706.1
MinimumVisualStudioVersion = 10.0.40219.1
Project("{FAE04EC0-301F-11D3-BF4B-00C04F79EFBC}") = "Static-Extension-Enum-Nullable", "Static-Extension-Enum-Nullable\Static-Extension-Enum-Nullable.csproj", "{63F02BF6-D230-45F9-9B7F-1B22A98AFFA9}"
EndProject
Global
	GlobalSection(SolutionConfigurationPlatforms) = preSolution
		Debug|Any CPU = Debug|Any CPU
		Release|Any CPU = Release|Any CPU
	EndGlobalSection
	GlobalSection(ProjectConfigurationPlatforms) = postSolution
		{63F02BF6-D230-45F9-9B7F-1B22A98AFFA9}.Debug|Any CPU.ActiveCfg = Debug|Any CPU
		{63F02BF6-D230-45F9-9B7F-1B22A98AFFA9}.Debug|Any CPU.Build.0 = Debug|Any CPU
		{63F02BF6-D230-45F9-9B7F-1B22A98AFFA9}.Release|Any CPU.ActiveCfg = Release|Any CPU
		{63F02BF6-D230-45F9-9B7F-1B22A98AFFA9}.Release|Any CPU.Build.0 = Release|Any CPU
	EndGlobalSection
	GlobalSection(SolutionProperties) = preSolution
		HideSolutionNode = FALSE
	EndGlobalSection
	GlobalSection(ExtensibilityGlobals) = postSolution
		SolutionGuid = {7AEACC2C-AAC2-42B1-8C54-76A55D1E9D32}
	EndGlobalSection
EndGlobal
